{
  "name": "batch-file-converter",
  "lockfileVersion": 3,
  "requires": true,
  "packages": {
    "": {
      "dependencies": {
        "libreoffice-convert": "^1.8.2"
      }
    },
    "node_modules/async": {
      "version": "3.2.6",
      "resolved": "https://registry.npmjs.org/async/-/async-3.2.6.tgz",
      "integrity": "sha512-htCUDlxyyCLMgaM3xXg0C0LW2xqfuQ6p05pCEIsXuyQ+a1koYKTuBMzRNwmybfLgvJDMd0r1LTn4+E0Ti6C2AA==",
      "license": "MIT"
    },
    "node_modules/libreoffice-convert": {
      "version": "1.8.2",
      "resolved": "https://registry.npmjs.org/libreoffice-convert/-/libreoffice-convert-1.8.2.tgz",
      "integrity": "sha512-iwSzpoomvQS4ztoZds26Nx/sH/jkLN4nsNPxgu95eTmiF3FVmRQwFQ/2LSErV51vyW8R4w5Q+bqoTL1CaWs4xQ==",
      "license": "MIT",
      "dependencies": {
        "async": "^3.2.3",
        "tmp": "^0.2.1"
      },
      "engines": {
        "node": ">=6"
      }
    },
    "node_modules/tmp": {
      "version": "0.2.7",
      "resolved": "https://registry.npmjs.org/tmp/-/tmp-0.2.7.tgz",
      "integrity": "sha512-e0votIpp4Uo2AJYSzVHV6xCcawuiez3DzqDAbrTc3YxBkplN6e+dM13ZeIcZnDg/QpSuU2zfZ3rzwY8ukEnaXw==",
      "license": "MIT",
      "engines": {
        "node": ">=14.14"
      }
    }
  }
}
